
Microsoft Visual Studio Solution File, Format Version 12.00
# Visual Studio Version 16
VisualStudioVersion = 16.0.29306.81
MinimumVisualStudioVersion = 10.0.40219.1
Project("{FAE04EC0-301F-11D3-BF4B-00C04F79EFBC}") = "WindowsFormsApp3", "WindowsFormsApp3\WindowsFormsApp3.csproj", "{ED962701-0E55-4CB8-90F6-4AAC69C285BD}"
EndProject
Global
	GlobalSection(SolutionConfigurationPlatforms) = preSolution
		Debug|Any CPU = Debug|Any CPU
		Release|Any CPU = Release|Any CPU
	EndGlobalSection
	GlobalSection(ProjectConfigurationPlatforms) = postSolution
		{ED962701-0E55-4CB8-90F6-4AAC69C285BD}.Debug|Any CPU.ActiveCfg = Debug|Any CPU
		{ED962701-0E55-4CB8-90F6-4AAC69C285BD}.Debug|Any CPU.Build.0 = Debug|Any CPU
		{ED962701-0E55-4CB8-90F6-4AAC69C285BD}.Release|Any CPU.ActiveCfg = Release|Any CPU
		{ED962701-0E55-4CB8-90F6-4AAC69C285BD}.Release|Any CPU.Build.0 = Release|Any CPU
	EndGlobalSection
	GlobalSection(SolutionProperties) = preSolution
		HideSolutionNode = FALSE
	EndGlobalSection
	GlobalSection(ExtensibilityGlobals) = postSolution
		SolutionGuid = {9EB3EA3E-0385-4844-B87A-85B0C1508EE9}
	EndGlobalSection
EndGlobal
